
Microsoft Visual Studio Solution File, Format Version 12.00
# Visual Studio 15
VisualStudioVersion = 15.0.26730.16
MinimumVisualStudioVersion = 10.0.40219.1
Project("{FAE04EC0-301F-11D3-BF4B-00C04F79EFBC}") = "D365 Model Generator", "D365 Model Generator\D365 Model Generator.csproj", "{245A6F6B-BFA1-46D9-9D02-7A68CD366ADB}"
EndProject
Global
	GlobalSection(SolutionConfigurationPlatforms) = preSolution
		Debug|Any CPU = Debug|Any CPU
		Release|Any CPU = Release|Any CPU
	EndGlobalSection
	GlobalSection(ProjectConfigurationPlatforms) = postSolution
		{245A6F6B-BFA1-46D9-9D02-7A68CD366ADB}.Debug|Any CPU.ActiveCfg = Debug|Any CPU
		{245A6F6B-BFA1-46D9-9D02-7A68CD366ADB}.Debug|Any CPU.Build.0 = Debug|Any CPU
		{245A6F6B-BFA1-46D9-9D02-7A68CD366ADB}.Release|Any CPU.ActiveCfg = Release|Any CPU
		{245A6F6B-BFA1-46D9-9D02-7A68CD366ADB}.Release|Any CPU.Build.0 = Release|Any CPU
	EndGlobalSection
	GlobalSection(SolutionProperties) = preSolution
		HideSolutionNode = FALSE
	EndGlobalSection
	GlobalSection(ExtensibilityGlobals) = postSolution
		SolutionGuid = {23318DE0-4D48-4D5E-AC83-15A5C0A69D68}
	EndGlobalSection
EndGlobal
